// !$*UTF8*$!
{
	archiveVersion = 1;
	classes = {
	};
	objectVersion = 46;
	objects = {

/* Begin PBXBuildFile section */
		7120739B1BD20FD80099CA86 /* QuartzCore.framework in Frameworks */ = {isa = PBXBuildFile; fileRef = 7120739A1BD20FD80099CA86 /* QuartzCore.framework */; };
		7120739D1BD20FFE0099CA86 /* CoreGraphics.framework in Frameworks */ = {isa = PBXBuildFile; fileRef = 7120739C1BD20FFE0099CA86 /* CoreGraphics.framework */; };
		7120739F1BD211220099CA86 /* UIImageExtension.swift in Sources */ = {isa = PBXBuildFile; fileRef = 7120739E1BD211220099CA86 /* UIImageExtension.swift */; settings = {ASSET_TAGS = (); }; };
		712073A61BD3DC7E0099CA86 /* StringExtension.swift in Sources */ = {isa = PBXBuildFile; fileRef = 712073A51BD3DC7E0099CA86 /* StringExtension.swift */; settings = {ASSET_TAGS = (); }; };
		712073AE1BD3E0EC0099CA86 /* StoreKit.framework in Frameworks */ = {isa = PBXBuildFile; fileRef = 712073AD1BD3E0EC0099CA86 /* StoreKit.framework */; };
		712073BA1BD3E1990099CA86 /* MBProgressHUD+LJ.m in Sources */ = {isa = PBXBuildFile; fileRef = 712073B61BD3E1990099CA86 /* MBProgressHUD+LJ.m */; settings = {ASSET_TAGS = (); }; };
		712073BC1BD3E1990099CA86 /* MBProgressHUD.m in Sources */ = {isa = PBXBuildFile; fileRef = 712073B91BD3E1990099CA86 /* MBProgressHUD.m */; settings = {ASSET_TAGS = (); }; };
		712073BE1BD3ECA90099CA86 /* MBProgressHUD.bundle in Resources */ = {isa = PBXBuildFile; fileRef = 712073BD1BD3ECA90099CA86 /* MBProgressHUD.bundle */; settings = {ASSET_TAGS = (); }; };
		714C3AB81BD116CA0061B365 /* CommonTools.swift in Sources */ = {isa = PBXBuildFile; fileRef = 714C3AB71BD116CA0061B365 /* CommonTools.swift */; settings = {ASSET_TAGS = (); }; };
		714C3ABA1BD118510061B365 /* LoginViewController.swift in Sources */ = {isa = PBXBuildFile; fileRef = 714C3AB91BD118510061B365 /* LoginViewController.swift */; settings = {ASSET_TAGS = (); }; };
		714C3ABC1BD1186F0061B365 /* IndexViewController.swift in Sources */ = {isa = PBXBuildFile; fileRef = 714C3ABB1BD1186F0061B365 /* IndexViewController.swift */; settings = {ASSET_TAGS = (); }; };
		714C3ABF1BD15F5F0061B365 /* CircleHeadImageView.swift in Sources */ = {isa = PBXBuildFile; fileRef = 714C3ABE1BD15F5F0061B365 /* CircleHeadImageView.swift */; settings = {ASSET_TAGS = (); }; };
		715703221BD104F6001DF922 /* BaseNavigationViewController.swift in Sources */ = {isa = PBXBuildFile; fileRef = 715703211BD104F6001DF922 /* BaseNavigationViewController.swift */; settings = {ASSET_TAGS = (); }; };
		716EB64A1BD0F3A80095C4F9 /* AppDelegate.swift in Sources */ = {isa = PBXBuildFile; fileRef = 716EB6491BD0F3A80095C4F9 /* AppDelegate.swift */; };
		716EB64F1BD0F3A80095C4F9 /* Main.storyboard in Resources */ = {isa = PBXBuildFile; fileRef = 716EB64D1BD0F3A80095C4F9 /* Main.storyboard */; };
		716EB6511BD0F3A80095C4F9 /* Assets.xcassets in Resources */ = {isa = PBXBuildFile; fileRef = 716EB6501BD0F3A80095C4F9 /* Assets.xcassets */; };
		716EB6541BD0F3A80095C4F9 /* LaunchScreen.storyboard in Resources */ = {isa = PBXBuildFile; fileRef = 716EB6521BD0F3A80095C4F9 /* LaunchScreen.storyboard */; };
		716EB65F1BD0F3A80095C4F9 /* eduadminTests.swift in Sources */ = {isa = PBXBuildFile; fileRef = 716EB65E1BD0F3A80095C4F9 /* eduadminTests.swift */; };
		716EB66A1BD0F3A80095C4F9 /* eduadminUITests.swift in Sources */ = {isa = PBXBuildFile; fileRef = 716EB6691BD0F3A80095C4F9 /* eduadminUITests.swift */; };
		71BD2BB11BD482B600D6C966 /* IndexHelloLabel.swift in Sources */ = {isa = PBXBuildFile; fileRef = 71BD2BB01BD482B600D6C966 /* IndexHelloLabel.swift */; settings = {ASSET_TAGS = (); }; };
		71BD2BB31BD4861F00D6C966 /* BaseViewController.swift in Sources */ = {isa = PBXBuildFile; fileRef = 71BD2BB21BD4861F00D6C966 /* BaseViewController.swift */; settings = {ASSET_TAGS = (); }; };
		71BD2BB51BD4884E00D6C966 /* IndexControl.swift in Sources */ = {isa = PBXBuildFile; fileRef = 71BD2BB41BD4884E00D6C966 /* IndexControl.swift */; settings = {ASSET_TAGS = (); }; };
		851A9375331CE147F9035C6B /* Pods.framework in Frameworks */ = {isa = PBXBuildFile; fileRef = 93D68C4CBE7E84DAA64B535F /* Pods.framework */; };
/* End PBXBuildFile section */

/* Begin PBXContainerItemProxy section */
		716EB65B1BD0F3A80095C4F9 /* PBXContainerItemProxy */ = {
			isa = PBXContainerItemProxy;
			containerPortal = 716EB63E1BD0F3A80095C4F9 /* Project object */;
			proxyType = 1;
			remoteGlobalIDString = 716EB6451BD0F3A80095C4F9;
			remoteInfo = eduadmin;
		};
		716EB6661BD0F3A80095C4F9 /* PBXContainerItemProxy */ = {
			isa = PBXContainerItemProxy;
			containerPortal = 716EB63E1BD0F3A80095C4F9 /* Project object */;
			proxyType = 1;
			remoteGlobalIDString = 716EB6451BD0F3A80095C4F9;
			remoteInfo = eduadmin;
		};
/* End PBXContainerItemProxy section */

/* Begin PBXFileReference section */
		65A56079F2D83A54B79DB4B5 /* Pods.release.xcconfig */ = {isa = PBXFileReference; includeInIndex = 1; lastKnownFileType = text.xcconfig; name = Pods.release.xcconfig; path = "Pods/Target Support Files/Pods/Pods.release.xcconfig"; sourceTree = "<group>"; };
		7120739A1BD20FD80099CA86 /* QuartzCore.framework */ = {isa = PBXFileReference; lastKnownFileType = wrapper.framework; name = QuartzCore.framework; path = System/Library/Frameworks/QuartzCore.framework; sourceTree = SDKROOT; };
		7120739C1BD20FFE0099CA86 /* CoreGraphics.framework */ = {isa = PBXFileReference; lastKnownFileType = wrapper.framework; name = CoreGraphics.framework; path = System/Library/Frameworks/CoreGraphics.framework; sourceTree = SDKROOT; };
		7120739E1BD211220099CA86 /* UIImageExtension.swift */ = {isa = PBXFileReference; fileEncoding = 4; lastKnownFileType = sourcecode.swift; path = UIImageExtension.swift; sourceTree = "<group>"; };
		712073A51BD3DC7E0099CA86 /* StringExtension.swift */ = {isa = PBXFileReference; fileEncoding = 4; lastKnownFileType = sourcecode.swift; path = StringExtension.swift; sourceTree = "<group>"; };
		712073A91BD3DF000099CA86 /* eduadmin-Bridging-Header.h */ = {isa = PBXFileReference; lastKnownFileType = sourcecode.c.h; path = "eduadmin-Bridging-Header.h"; sourceTree = "<group>"; };
		712073AD1BD3E0EC0099CA86 /* StoreKit.framework */ = {isa = PBXFileReference; lastKnownFileType = wrapper.framework; name = StoreKit.framework; path = System/Library/Frameworks/StoreKit.framework; sourceTree = SDKROOT; };
		712073B51BD3E1990099CA86 /* MBProgressHUD+LJ.h */ = {isa = PBXFileReference; fileEncoding = 4; lastKnownFileType = sourcecode.c.h; path = "MBProgressHUD+LJ.h"; sourceTree = "<group>"; };
		712073B61BD3E1990099CA86 /* MBProgressHUD+LJ.m */ = {isa = PBXFileReference; fileEncoding = 4; lastKnownFileType = sourcecode.c.objc; path = "MBProgressHUD+LJ.m"; sourceTree = "<group>"; };
		712073B81BD3E1990099CA86 /* MBProgressHUD.h */ = {isa = PBXFileReference; fileEncoding = 4; lastKnownFileType = sourcecode.c.h; path = MBProgressHUD.h; sourceTree = "<group>"; };
		712073B91BD3E1990099CA86 /* MBProgressHUD.m */ = {isa = PBXFileReference; fileEncoding = 4; lastKnownFileType = sourcecode.c.objc; path = MBProgressHUD.m; sourceTree = "<group>"; };
		712073BD1BD3ECA90099CA86 /* MBProgressHUD.bundle */ = {isa = PBXFileReference; lastKnownFileType = "wrapper.plug-in"; path = MBProgressHUD.bundle; sourceTree = "<group>"; };
		714C3AB71BD116CA0061B365 /* CommonTools.swift */ = {isa = PBXFileReference; fileEncoding = 4; lastKnownFileType = sourcecode.swift; path = CommonTools.swift; sourceTree = "<group>"; };
		714C3AB91BD118510061B365 /* LoginViewController.swift */ = {isa = PBXFileReference; fileEncoding = 4; lastKnownFileType = sourcecode.swift; path = LoginViewController.swift; sourceTree = "<group>"; };
		714C3ABB1BD1186F0061B365 /* IndexViewController.swift */ = {isa = PBXFileReference; fileEncoding = 4; lastKnownFileType = sourcecode.swift; path = IndexViewController.swift; sourceTree = "<group>"; };
		714C3ABE1BD15F5F0061B365 /* CircleHeadImageView.swift */ = {isa = PBXFileReference; fileEncoding = 4; lastKnownFileType = sourcecode.swift; path = CircleHeadImageView.swift; sourceTree = "<group>"; };
		715703211BD104F6001DF922 /* BaseNavigationViewController.swift */ = {isa = PBXFileReference; fileEncoding = 4; lastKnownFileType = sourcecode.swift; path = BaseNavigationViewController.swift; sourceTree = "<group>"; };
		716EB6461BD0F3A80095C4F9 /* eduadmin.app */ = {isa = PBXFileReference; explicitFileType = wrapper.application; includeInIndex = 0; path = eduadmin.app; sourceTree = BUILT_PRODUCTS_DIR; };
		716EB6491BD0F3A80095C4F9 /* AppDelegate.swift */ = {isa = PBXFileReference; lastKnownFileType = sourcecode.swift; path = AppDelegate.swift; sourceTree = "<group>"; };
		716EB64E1BD0F3A80095C4F9 /* Base */ = {isa = PBXFileReference; lastKnownFileType = file.storyboard; name = Base; path = Base.lproj/Main.storyboard; sourceTree = "<group>"; };
		716EB6501BD0F3A80095C4F9 /* Assets.xcassets */ = {isa = PBXFileReference; lastKnownFileType = folder.assetcatalog; path = Assets.xcassets; sourceTree = "<group>"; };
		716EB6531BD0F3A80095C4F9 /* Base */ = {isa = PBXFileReference; lastKnownFileType = file.storyboard; name = Base; path = Base.lproj/LaunchScreen.storyboard; sourceTree = "<group>"; };
		716EB6551BD0F3A80095C4F9 /* Info.plist */ = {isa = PBXFileReference; lastKnownFileType = text.plist.xml; path = Info.plist; sourceTree = "<group>"; };
		716EB65A1BD0F3A80095C4F9 /* eduadminTests.xctest */ = {isa = PBXFileReference; explicitFileType = wrapper.cfbundle; includeInIndex = 0; path = eduadminTests.xctest; sourceTree = BUILT_PRODUCTS_DIR; };
		716EB65E1BD0F3A80095C4F9 /* eduadminTests.swift */ = {isa = PBXFileReference; lastKnownFileType = sourcecode.swift; path = eduadminTests.swift; sourceTree = "<group>"; };
		716EB6601BD0F3A80095C4F9 /* Info.plist */ = {isa = PBXFileReference; lastKnownFileType = text.plist.xml; path = Info.plist; sourceTree = "<group>"; };
		716EB6651BD0F3A80095C4F9 /* eduadminUITests.xctest */ = {isa = PBXFileReference; explicitFileType = wrapper.cfbundle; includeInIndex = 0; path = eduadminUITests.xctest; sourceTree = BUILT_PRODUCTS_DIR; };
		716EB6691BD0F3A80095C4F9 /* eduadminUITests.swift */ = {isa = PBXFileReference; lastKnownFileType = sourcecode.swift; path = eduadminUITests.swift; sourceTree = "<group>"; };
		716EB66B1BD0F3A80095C4F9 /* Info.plist */ = {isa = PBXFileReference; lastKnownFileType = text.plist.xml; path = Info.plist; sourceTree = "<group>"; };
		71BD2BB01BD482B600D6C966 /* IndexHelloLabel.swift */ = {isa = PBXFileReference; fileEncoding = 4; lastKnownFileType = sourcecode.swift; path = IndexHelloLabel.swift; sourceTree = "<group>"; };
		71BD2BB21BD4861F00D6C966 /* BaseViewController.swift */ = {isa = PBXFileReference; fileEncoding = 4; lastKnownFileType = sourcecode.swift; path = BaseViewController.swift; sourceTree = "<group>"; };
		71BD2BB41BD4884E00D6C966 /* IndexControl.swift */ = {isa = PBXFileReference; fileEncoding = 4; lastKnownFileType = sourcecode.swift; path = IndexControl.swift; sourceTree = "<group>"; };
		73EC79C2D7F82038ED62B251 /* Pods.debug.xcconfig */ = {isa = PBXFileReference; includeInIndex = 1; lastKnownFileType = text.xcconfig; name = Pods.debug.xcconfig; path = "Pods/Target Support Files/Pods/Pods.debug.xcconfig"; sourceTree = "<group>"; };
		93D68C4CBE7E84DAA64B535F /* Pods.framework */ = {isa = PBXFileReference; explicitFileType = wrapper.framework; includeInIndex = 0; path = Pods.framework; sourceTree = BUILT_PRODUCTS_DIR; };
/* End PBXFileReference section */

/* Begin PBXFrameworksBuildPhase section */
		716EB6431BD0F3A80095C4F9 /* Frameworks */ = {
			isa = PBXFrameworksBuildPhase;
			buildActionMask = 2147483647;
			files = (
				7120739D1BD20FFE0099CA86 /* CoreGraphics.framework in Frameworks */,
				7120739B1BD20FD80099CA86 /* QuartzCore.framework in Frameworks */,
				851A9375331CE147F9035C6B /* Pods.framework in Frameworks */,
				712073AE1BD3E0EC0099CA86 /* StoreKit.framework in Frameworks */,
			);
			runOnlyForDeploymentPostprocessing = 0;
		};
		716EB6571BD0F3A80095C4F9 /* Frameworks */ = {
			isa = PBXFrameworksBuildPhase;
			buildActionMask = 2147483647;
			files = (
			);
			runOnlyForDeploymentPostprocessing = 0;
		};
		716EB6621BD0F3A80095C4F9 /* Frameworks */ = {
			isa = PBXFrameworksBuildPhase;
			buildActionMask = 2147483647;
			files = (
			);
			runOnlyForDeploymentPostprocessing = 0;
		};
/* End PBXFrameworksBuildPhase section */

/* Begin PBXGroup section */
		112C11490D6FD18CBD717C6C /* Frameworks */ = {
			isa = PBXGroup;
			children = (
				712073AD1BD3E0EC0099CA86 /* StoreKit.framework */,
				7120739C1BD20FFE0099CA86 /* CoreGraphics.framework */,
				7120739A1BD20FD80099CA86 /* QuartzCore.framework */,
				93D68C4CBE7E84DAA64B535F /* Pods.framework */,
			);
			name = Frameworks;
			sourceTree = "<group>";
		};
		712073A01BD232530099CA86 /* Models */ = {
			isa = PBXGroup;
			children = (
			);
			name = Models;
			sourceTree = "<group>";
		};
		712073A81BD3DEF10099CA86 /* OCFiles */ = {
			isa = PBXGroup;
			children = (
				712073A91BD3DF000099CA86 /* eduadmin-Bridging-Header.h */,
				712073B41BD3E1990099CA86 /* MBProgressHUD */,
			);
			path = OCFiles;
			sourceTree = "<group>";
		};
		712073B41BD3E1990099CA86 /* MBProgressHUD */ = {
			isa = PBXGroup;
			children = (
				712073B51BD3E1990099CA86 /* MBProgressHUD+LJ.h */,
				712073B61BD3E1990099CA86 /* MBProgressHUD+LJ.m */,
				712073B81BD3E1990099CA86 /* MBProgressHUD.h */,
				712073B91BD3E1990099CA86 /* MBProgressHUD.m */,
				712073BD1BD3ECA90099CA86 /* MBProgressHUD.bundle */,
			);
			path = MBProgressHUD;
			sourceTree = "<group>";
		};
		714C3AB61BD116CA0061B365 /* Tools */ = {
			isa = PBXGroup;
			children = (
				714C3AB71BD116CA0061B365 /* CommonTools.swift */,
				7120739E1BD211220099CA86 /* UIImageExtension.swift */,
				712073A51BD3DC7E0099CA86 /* StringExtension.swift */,
			);
			path = Tools;
			sourceTree = "<group>";
		};
		714C3ABD1BD15F340061B365 /* Views */ = {
			isa = PBXGroup;
			children = (
				714C3ABE1BD15F5F0061B365 /* CircleHeadImageView.swift */,
				71BD2BB01BD482B600D6C966 /* IndexHelloLabel.swift */,
				71BD2BB41BD4884E00D6C966 /* IndexControl.swift */,
			);
			name = Views;
			sourceTree = "<group>";
		};
		7157031E1BD0FAD2001DF922 /* Controllers */ = {
			isa = PBXGroup;
			children = (
				715703211BD104F6001DF922 /* BaseNavigationViewController.swift */,
				71BD2BB21BD4861F00D6C966 /* BaseViewController.swift */,
				714C3ABB1BD1186F0061B365 /* IndexViewController.swift */,
				714C3AB91BD118510061B365 /* LoginViewController.swift */,
			);
			name = Controllers;
			sourceTree = "<group>";
		};
		7157031F1BD0FAF6001DF922 /* Supporting Files */ = {
			isa = PBXGroup;
			children = (
				716EB6491BD0F3A80095C4F9 /* AppDelegate.swift */,
				716EB6501BD0F3A80095C4F9 /* Assets.xcassets */,
				716EB6521BD0F3A80095C4F9 /* LaunchScreen.storyboard */,
				716EB6551BD0F3A80095C4F9 /* Info.plist */,
			);
			name = "Supporting Files";
			sourceTree = "<group>";
		};
		715703231BD11025001DF922 /* Util */ = {
			isa = PBXGroup;
			children = (
				712073A81BD3DEF10099CA86 /* OCFiles */,
				714C3AB61BD116CA0061B365 /* Tools */,
			);
			name = Util;
			sourceTree = "<group>";
		};
		716EB63D1BD0F3A80095C4F9 = {
			isa = PBXGroup;
			children = (
				716EB6481BD0F3A80095C4F9 /* eduadmin */,
				716EB65D1BD0F3A80095C4F9 /* eduadminTests */,
				716EB6681BD0F3A80095C4F9 /* eduadminUITests */,
				716EB6471BD0F3A80095C4F9 /* Products */,
				F1BBE1BBAAC567396B25CFB1 /* Pods */,
				112C11490D6FD18CBD717C6C /* Frameworks */,
			);
			sourceTree = "<group>";
		};
		716EB6471BD0F3A80095C4F9 /* Products */ = {
			isa = PBXGroup;
			children = (
				716EB6461BD0F3A80095C4F9 /* eduadmin.app */,
				716EB65A1BD0F3A80095C4F9 /* eduadminTests.xctest */,
				716EB6651BD0F3A80095C4F9 /* eduadminUITests.xctest */,
			);
			name = Products;
			sourceTree = "<group>";
		};
		716EB6481BD0F3A80095C4F9 /* eduadmin */ = {
			isa = PBXGroup;
			children = (
				716EB64D1BD0F3A80095C4F9 /* Main.storyboard */,
				712073A01BD232530099CA86 /* Models */,
				714C3ABD1BD15F340061B365 /* Views */,
				7157031E1BD0FAD2001DF922 /* Controllers */,
				715703231BD11025001DF922 /* Util */,
				7157031F1BD0FAF6001DF922 /* Supporting Files */,
			);
			path = eduadmin;
			sourceTree = "<group>";
		};
		716EB65D1BD0F3A80095C4F9 /* eduadminTests */ = {
			isa = PBXGroup;
			children = (
				716EB65E1BD0F3A80095C4F9 /* eduadminTests.swift */,
				716EB6601BD0F3A80095C4F9 /* Info.plist */,
			);
			path = eduadminTests;
			sourceTree = "<group>";
		};
		716EB6681BD0F3A80095C4F9 /* eduadminUITests */ = {
			isa = PBXGroup;
			children = (
				716EB6691BD0F3A80095C4F9 /* eduadminUITests.swift */,
				716EB66B1BD0F3A80095C4F9 /* Info.plist */,
			);
			path = eduadminUITests;
			sourceTree = "<group>";
		};
		F1BBE1BBAAC567396B25CFB1 /* Pods */ = {
			isa = PBXGroup;
			children = (
				73EC79C2D7F82038ED62B251 /* Pods.debug.xcconfig */,
				65A56079F2D83A54B79DB4B5 /* Pods.release.xcconfig */,
			);
			name = Pods;
			sourceTree = "<group>";
		};
/* End PBXGroup section */

/* Begin PBXNativeTarget section */
		716EB6451BD0F3A80095C4F9 /* eduadmin */ = {
			isa = PBXNativeTarget;
			buildConfigurationList = 716EB66E1BD0F3A80095C4F9 /* Build configuration list for PBXNativeTarget "eduadmin" */;
			buildPhases = (
				7A80A468FC566C48CF7505FE /* Check Pods Manifest.lock */,
				716EB6421BD0F3A80095C4F9 /* Sources */,
				716EB6431BD0F3A80095C4F9 /* Frameworks */,
				716EB6441BD0F3A80095C4F9 /* Resources */,
				357FB206712455025508FB1B /* Embed Pods Frameworks */,
				C57D973DA657EBAED4DEC176 /* Copy Pods Resources */,
			);
			buildRules = (
			);
			dependencies = (
			);
			name = eduadmin;
			productName = eduadmin;
			productReference = 716EB6461BD0F3A80095C4F9 /* eduadmin.app */;
			productType = "com.apple.product-type.application";
		};
		716EB6591BD0F3A80095C4F9 /* eduadminTests */ = {
			isa = PBXNativeTarget;
			buildConfigurationList = 716EB6711BD0F3A80095C4F9 /* Build configuration list for PBXNativeTarget "eduadminTests" */;
			buildPhases = (
				716EB6561BD0F3A80095C4F9 /* Sources */,
				716EB6571BD0F3A80095C4F9 /* Frameworks */,
				716EB6581BD0F3A80095C4F9 /* Resources */,
			);
			buildRules = (
			);
			dependencies = (
				716EB65C1BD0F3A80095C4F9 /* PBXTargetDependency */,
			);
			name = eduadminTests;
			productName = eduadminTests;
			productReference = 716EB65A1BD0F3A80095C4F9 /* eduadminTests.xctest */;
			productType = "com.apple.product-type.bundle.unit-test";
		};
		716EB6641BD0F3A80095C4F9 /* eduadminUITests */ = {
			isa = PBXNativeTarget;
			buildConfigurationList = 716EB6741BD0F3A80095C4F9 /* Build configuration list for PBXNativeTarget "eduadminUITests" */;
			buildPhases = (
				716EB6611BD0F3A80095C4F9 /* Sources */,
				716EB6621BD0F3A80095C4F9 /* Frameworks */,
				716EB6631BD0F3A80095C4F9 /* Resources */,
			);
			buildRules = (
			);
			dependencies = (
				716EB6671BD0F3A80095C4F9 /* PBXTargetDependency */,
			);
			name = eduadminUITests;
			productName = eduadminUITests;
			productReference = 716EB6651BD0F3A80095C4F9 /* eduadminUITests.xctest */;
			productType = "com.apple.product-type.bundle.ui-testing";
		};
/* End PBXNativeTarget section */

/* Begin PBXProject section */
		716EB63E1BD0F3A80095C4F9 /* Project object */ = {
			isa = PBXProject;
			attributes = {
				LastSwiftUpdateCheck = 0700;
				LastUpgradeCheck = 0700;
				ORGANIZATIONNAME = PUPBOSS;
				TargetAttributes = {
					716EB6451BD0F3A80095C4F9 = {
						CreatedOnToolsVersion = 7.0.1;
						DevelopmentTeam = BH46MT8H22;
						SystemCapabilities = {
							com.apple.InAppPurchase = {
								enabled = 1;
							};
							com.apple.Push = {
								enabled = 1;
							};
						};
					};
					716EB6591BD0F3A80095C4F9 = {
						CreatedOnToolsVersion = 7.0.1;
						TestTargetID = 716EB6451BD0F3A80095C4F9;
					};
					716EB6641BD0F3A80095C4F9 = {
						CreatedOnToolsVersion = 7.0.1;
						TestTargetID = 716EB6451BD0F3A80095C4F9;
					};
				};
			};
			buildConfigurationList = 716EB6411BD0F3A80095C4F9 /* Build configuration list for PBXProject "eduadmin" */;
			compatibilityVersion = "Xcode 3.2";
			developmentRegion = English;
			hasScannedForEncodings = 0;
			knownRegions = (
				en,
				Base,
			);
			mainGroup = 716EB63D1BD0F3A80095C4F9;
			productRefGroup = 716EB6471BD0F3A80095C4F9 /* Products */;
			projectDirPath = "";
			projectRoot = "";
			targets = (
				716EB6451BD0F3A80095C4F9 /* eduadmin */,
				716EB6591BD0F3A80095C4F9 /* eduadminTests */,
				716EB6641BD0F3A80095C4F9 /* eduadminUITests */,
			);
		};
/* End PBXProject section */

/* Begin PBXResourcesBuildPhase section */
		716EB6441BD0F3A80095C4F9 /* Resources */ = {
			isa = PBXResourcesBuildPhase;
			buildActionMask = 2147483647;
			files = (
				716EB6541BD0F3A80095C4F9 /* LaunchScreen.storyboard in Resources */,
				712073BE1BD3ECA90099CA86 /* MBProgressHUD.bundle in Resources */,
				716EB6511BD0F3A80095C4F9 /* Assets.xcassets in Resources */,
				716EB64F1BD0F3A80095C4F9 /* Main.storyboard in Resources */,
			);
			runOnlyForDeploymentPostprocessing = 0;
		};
		716EB6581BD0F3A80095C4F9 /* Resources */ = {
			isa = PBXResourcesBuildPhase;
			buildActionMask = 2147483647;
			files = (
			);
			runOnlyForDeploymentPostprocessing = 0;
		};
		716EB6631BD0F3A80095C4F9 /* Resources */ = {
			isa = PBXResourcesBuildPhase;
			buildActionMask = 2147483647;
			files = (
			);
			runOnlyForDeploymentPostprocessing = 0;
		};
/* End PBXResourcesBuildPhase section */

/* Begin PBXShellScriptBuildPhase section */
		357FB206712455025508FB1B /* Embed Pods Frameworks */ = {
			isa = PBXShellScriptBuildPhase;
			buildActionMask = 2147483647;
			files = (
			);
			inputPaths = (
			);
			name = "Embed Pods Frameworks";
			outputPaths = (
			);
			runOnlyForDeploymentPostprocessing = 0;
			shellPath = /bin/sh;
			shellScript = "\"${SRCROOT}/Pods/Target Support Files/Pods/Pods-frameworks.sh\"\n";
			showEnvVarsInLog = 0;
		};
		7A80A468FC566C48CF7505FE /* Check Pods Manifest.lock */ = {
			isa = PBXShellScriptBuildPhase;
			buildActionMask = 2147483647;
			files = (
			);
			inputPaths = (
			);
			name = "Check Pods Manifest.lock";
			outputPaths = (
			);
			runOnlyForDeploymentPostprocessing = 0;
			shellPath = /bin/sh;
			shellScript = "diff \"${PODS_ROOT}/../Podfile.lock\" \"${PODS_ROOT}/Manifest.lock\" > /dev/null\nif [[ $? != 0 ]] ; then\n    cat << EOM\nerror: The sandbox is not in sync with the Podfile.lock. Run 'pod install' or update your CocoaPods installation.\nEOM\n    exit 1\nfi\n";
			showEnvVarsInLog = 0;
		};
		C57D973DA657EBAED4DEC176 /* Copy Pods Resources */ = {
			isa = PBXShellScriptBuildPhase;
			buildActionMask = 2147483647;
			files = (
			);
			inputPaths = (
			);
			name = "Copy Pods Resources";
			outputPaths = (
			);
			runOnlyForDeploymentPostprocessing = 0;
			shellPath = /bin/sh;
			shellScript = "\"${SRCROOT}/Pods/Target Support Files/Pods/Pods-resources.sh\"\n";
			showEnvVarsInLog = 0;
		};
/* End PBXShellScriptBuildPhase section */

/* Begin PBXSourcesBuildPhase section */
		716EB6421BD0F3A80095C4F9 /* Sources */ = {
			isa = PBXSourcesBuildPhase;
			buildActionMask = 2147483647;
			files = (
				714C3ABA1BD118510061B365 /* LoginViewController.swift in Sources */,
				716EB64A1BD0F3A80095C4F9 /* AppDelegate.swift in Sources */,
				712073BA1BD3E1990099CA86 /* MBProgressHUD+LJ.m in Sources */,
				71BD2BB51BD4884E00D6C966 /* IndexControl.swift in Sources */,
				7120739F1BD211220099CA86 /* UIImageExtension.swift in Sources */,
				71BD2BB11BD482B600D6C966 /* IndexHelloLabel.swift in Sources */,
				71BD2BB31BD4861F00D6C966 /* BaseViewController.swift in Sources */,
				714C3AB81BD116CA0061B365 /* CommonTools.swift in Sources */,
				712073A61BD3DC7E0099CA86 /* StringExtension.swift in Sources */,
				715703221BD104F6001DF922 /* BaseNavigationViewController.swift in Sources */,
				712073BC1BD3E1990099CA86 /* MBProgressHUD.m in Sources */,
				714C3ABF1BD15F5F0061B365 /* CircleHeadImageView.swift in Sources */,
				714C3ABC1BD1186F0061B365 /* IndexViewController.swift in Sources */,
			);
			runOnlyForDeploymentPostprocessing = 0;
		};
		716EB6561BD0F3A80095C4F9 /* Sources */ = {
			isa = PBXSourcesBuildPhase;
			buildActionMask = 2147483647;
			files = (
				716EB65F1BD0F3A80095C4F9 /* eduadminTests.swift in Sources */,
			);
			runOnlyForDeploymentPostprocessing = 0;
		};
		716EB6611BD0F3A80095C4F9 /* Sources */ = {
			isa = PBXSourcesBuildPhase;
			buildActionMask = 2147483647;
			files = (
				716EB66A1BD0F3A80095C4F9 /* eduadminUITests.swift in Sources */,
			);
			runOnlyForDeploymentPostprocessing = 0;
		};
/* End PBXSourcesBuildPhase section */

/* Begin PBXTargetDependency section */
		716EB65C1BD0F3A80095C4F9 /* PBXTargetDependency */ = {
			isa = PBXTargetDependency;
			target = 716EB6451BD0F3A80095C4F9 /* eduadmin */;
			targetProxy = 716EB65B1BD0F3A80095C4F9 /* PBXContainerItemProxy */;
		};
		716EB6671BD0F3A80095C4F9 /* PBXTargetDependency */ = {
			isa = PBXTargetDependency;
			target = 716EB6451BD0F3A80095C4F9 /* eduadmin */;
			targetProxy = 716EB6661BD0F3A80095C4F9 /* PBXContainerItemProxy */;
		};
/* End PBXTargetDependency section */

/* Begin PBXVariantGroup section */
		716EB64D1BD0F3A80095C4F9 /* Main.storyboard */ = {
			isa = PBXVariantGroup;
			children = (
				716EB64E1BD0F3A80095C4F9 /* Base */,
			);
			name = Main.storyboard;
			sourceTree = "<group>";
		};
		716EB6521BD0F3A80095C4F9 /* LaunchScreen.storyboard */ = {
			isa = PBXVariantGroup;
			children = (
				716EB6531BD0F3A80095C4F9 /* Base */,
			);
			name = LaunchScreen.storyboard;
			sourceTree = "<group>";
		};
/* End PBXVariantGroup section */

/* Begin XCBuildConfiguration section */
		716EB66C1BD0F3A80095C4F9 /* Debug */ = {
			isa = XCBuildConfiguration;
			buildSettings = {
				ALWAYS_SEARCH_USER_PATHS = NO;
				CLANG_CXX_LANGUAGE_STANDARD = "gnu++0x";
				CLANG_CXX_LIBRARY = "libc++";
				CLANG_ENABLE_MODULES = YES;
				CLANG_ENABLE_OBJC_ARC = YES;
				CLANG_WARN_BOOL_CONVERSION = YES;
				CLANG_WARN_CONSTANT_CONVERSION = YES;
				CLANG_WARN_DIRECT_OBJC_ISA_USAGE = YES_ERROR;
				CLANG_WARN_EMPTY_BODY = YES;
				CLANG_WARN_ENUM_CONVERSION = YES;
				CLANG_WARN_INT_CONVERSION = YES;
				CLANG_WARN_OBJC_ROOT_CLASS = YES_ERROR;
				CLANG_WARN_UNREACHABLE_CODE = YES;
				CLANG_WARN__DUPLICATE_METHOD_MATCH = YES;
				"CODE_SIGN_IDENTITY[sdk=iphoneos*]" = "iPhone Developer";
				COPY_PHASE_STRIP = NO;
				DEBUG_INFORMATION_FORMAT = dwarf;
				ENABLE_STRICT_OBJC_MSGSEND = YES;
				ENABLE_TESTABILITY = YES;
				GCC_C_LANGUAGE_STANDARD = gnu99;
				GCC_DYNAMIC_NO_PIC = NO;
				GCC_NO_COMMON_BLOCKS = YES;
				GCC_OPTIMIZATION_LEVEL = 0;
				GCC_PREPROCESSOR_DEFINITIONS = (
					"DEBUG=1",
					"$(inherited)",
				);
				GCC_WARN_64_TO_32_BIT_CONVERSION = YES;
				GCC_WARN_ABOUT_RETURN_TYPE = YES_ERROR;
				GCC_WARN_UNDECLARED_SELECTOR = YES;
				GCC_WARN_UNINITIALIZED_AUTOS = YES_AGGRESSIVE;
				GCC_WARN_UNUSED_FUNCTION = YES;
				GCC_WARN_UNUSED_VARIABLE = YES;
				IPHONEOS_DEPLOYMENT_TARGET = 9.0;
				MTL_ENABLE_DEBUG_INFO = YES;
				ONLY_ACTIVE_ARCH = YES;
				SDKROOT = iphoneos;
				SWIFT_OPTIMIZATION_LEVEL = "-Onone";
				TARGETED_DEVICE_FAMILY = "1,2";
			};
			name = Debug;
		};
		716EB66D1BD0F3A80095C4F9 /* Release */ = {
			isa = XCBuildConfiguration;
			buildSettings = {
				ALWAYS_SEARCH_USER_PATHS = NO;
				CLANG_CXX_LANGUAGE_STANDARD = "gnu++0x";
				CLANG_CXX_LIBRARY = "libc++";
				CLANG_ENABLE_MODULES = YES;
				CLANG_ENABLE_OBJC_ARC = YES;
				CLANG_WARN_BOOL_CONVERSION = YES;
				CLANG_WARN_CONSTANT_CONVERSION = YES;
				CLANG_WARN_DIRECT_OBJC_ISA_USAGE = YES_ERROR;
				CLANG_WARN_EMPTY_BODY = YES;
				CLANG_WARN_ENUM_CONVERSION = YES;
				CLANG_WARN_INT_CONVERSION = YES;
				CLANG_WARN_OBJC_ROOT_CLASS = YES_ERROR;
				CLANG_WARN_UNREACHABLE_CODE = YES;
				CLANG_WARN__DUPLICATE_METHOD_MATCH = YES;
				"CODE_SIGN_IDENTITY[sdk=iphoneos*]" = "iPhone Developer";
				COPY_PHASE_STRIP = NO;
				DEBUG_INFORMATION_FORMAT = "dwarf-with-dsym";
				ENABLE_NS_ASSERTIONS = NO;
				ENABLE_STRICT_OBJC_MSGSEND = YES;
				GCC_C_LANGUAGE_STANDARD = gnu99;
				GCC_NO_COMMON_BLOCKS = YES;
				GCC_WARN_64_TO_32_BIT_CONVERSION = YES;
				GCC_WARN_ABOUT_RETURN_TYPE = YES_ERROR;
				GCC_WARN_UNDECLARED_SELECTOR = YES;
				GCC_WARN_UNINITIALIZED_AUTOS = YES_AGGRESSIVE;
				GCC_WARN_UNUSED_FUNCTION = YES;
				GCC_WARN_UNUSED_VARIABLE = YES;
				IPHONEOS_DEPLOYMENT_TARGET = 9.0;
				MTL_ENABLE_DEBUG_INFO = NO;
				SDKROOT = iphoneos;
				TARGETED_DEVICE_FAMILY = "1,2";
				VALIDATE_PRODUCT = YES;
			};
			name = Release;
		};
		716EB66F1BD0F3A80095C4F9 /* Debug */ = {
			isa = XCBuildConfiguration;
			baseConfigurationReference = 73EC79C2D7F82038ED62B251 /* Pods.debug.xcconfig */;
			buildSettings = {
				ASSETCATALOG_COMPILER_APPICON_NAME = AppIcon;
				CLANG_ENABLE_MODULES = YES;
				CODE_SIGN_IDENTITY = "iPhone Developer";
				INFOPLIST_FILE = eduadmin/Info.plist;
				IPHONEOS_DEPLOYMENT_TARGET = 8.0;
				LD_RUNPATH_SEARCH_PATHS = "$(inherited) @executable_path/Frameworks";
				PRODUCT_BUNDLE_IDENTIFIER = com.pupboss.eduadmin;
				PRODUCT_NAME = "$(TARGET_NAME)";
				SWIFT_OBJC_BRIDGING_HEADER = "eduadmin/OCFiles/eduadmin-Bridging-Header.h";
				SWIFT_OPTIMIZATION_LEVEL = "-Onone";
			};
			name = Debug;
		};
		716EB6701BD0F3A80095C4F9 /* Release */ = {
			isa = XCBuildConfiguration;
			baseConfigurationReference = 65A56079F2D83A54B79DB4B5 /* Pods.release.xcconfig */;
			buildSettings = {
				ASSETCATALOG_COMPILER_APPICON_NAME = AppIcon;
				CLANG_ENABLE_MODULES = YES;
				CODE_SIGN_IDENTITY = "iPhone Developer";
				INFOPLIST_FILE = eduadmin/Info.plist;
				IPHONEOS_DEPLOYMENT_TARGET = 8.0;
				LD_RUNPATH_SEARCH_PATHS = "$(inherited) @executable_path/Frameworks";
				PRODUCT_BUNDLE_IDENTIFIER = com.pupboss.eduadmin;
				PRODUCT_NAME = "$(TARGET_NAME)";
				SWIFT_OBJC_BRIDGING_HEADER = "eduadmin/OCFiles/eduadmin-Bridging-Header.h";
			};
			name = Release;
		};
		716EB6721BD0F3A80095C4F9 /* Debug */ = {
			isa = XCBuildConfiguration;
			buildSettings = {
				BUNDLE_LOADER = "$(TEST_HOST)";
				INFOPLIST_FILE = eduadminTests/Info.plist;
				LD_RUNPATH_SEARCH_PATHS = "$(inherited) @executable_path/Frameworks @loader_path/Frameworks";
				PRODUCT_BUNDLE_IDENTIFIER = com.pupboss.eduadminTests;
				PRODUCT_NAME = "$(TARGET_NAME)";
				TEST_HOST = "$(BUILT_PRODUCTS_DIR)/eduadmin.app/eduadmin";
			};
			name = Debug;
		};
		716EB6731BD0F3A80095C4F9 /* Release */ = {
			isa = XCBuildConfiguration;
			buildSettings = {
				BUNDLE_LOADER = "$(TEST_HOST)";
				INFOPLIST_FILE = eduadminTests/Info.plist;
				LD_RUNPATH_SEARCH_PATHS = "$(inherited) @executable_path/Frameworks @loader_path/Frameworks";
				PRODUCT_BUNDLE_IDENTIFIER = com.pupboss.eduadminTests;
				PRODUCT_NAME = "$(TARGET_NAME)";
				TEST_HOST = "$(BUILT_PRODUCTS_DIR)/eduadmin.app/eduadmin";
			};
			name = Release;
		};
		716EB6751BD0F3A80095C4F9 /* Debug */ = {
			isa = XCBuildConfiguration;
			buildSettings = {
				INFOPLIST_FILE = eduadminUITests/Info.plist;
				LD_RUNPATH_SEARCH_PATHS = "$(inherited) @executable_path/Frameworks @loader_path/Frameworks";
				PRODUCT_BUNDLE_IDENTIFIER = com.pupboss.eduadminUITests;
				PRODUCT_NAME = "$(TARGET_NAME)";
				TEST_TARGET_NAME = eduadmin;
				USES_XCTRUNNER = YES;
			};
			name = Debug;
		};
		716EB6761BD0F3A80095C4F9 /* Release */ = {
			isa = XCBuildConfiguration;
			buildSettings = {
				INFOPLIST_FILE = eduadminUITests/Info.plist;
				LD_RUNPATH_SEARCH_PATHS = "$(inherited) @executable_path/Frameworks @loader_path/Frameworks";
				PRODUCT_BUNDLE_IDENTIFIER = com.pupboss.eduadminUITests;
				PRODUCT_NAME = "$(TARGET_NAME)";
				TEST_TARGET_NAME = eduadmin;
				USES_XCTRUNNER = YES;
			};
			name = Release;
		};
/* End XCBuildConfiguration section */

/* Begin XCConfigurationList section */
		716EB6411BD0F3A80095C4F9 /* Build configuration list for PBXProject "eduadmin" */ = {
			isa = XCConfigurationList;
			buildConfigurations = (
				716EB66C1BD0F3A80095C4F9 /* Debug */,
				716EB66D1BD0F3A80095C4F9 /* Release */,
			);
			defaultConfigurationIsVisible = 0;
			defaultConfigurationName = Release;
		};
		716EB66E1BD0F3A80095C4F9 /* Build configuration list for PBXNativeTarget "eduadmin" */ = {
			isa = XCConfigurationList;
			buildConfigurations = (
				716EB66F1BD0F3A80095C4F9 /* Debug */,
				716EB6701BD0F3A80095C4F9 /* Release */,
			);
			defaultConfigurationIsVisible = 0;
			defaultConfigurationName = Release;
		};
		716EB6711BD0F3A80095C4F9 /* Build configuration list for PBXNativeTarget "eduadminTests" */ = {
			isa = XCConfigurationList;
			buildConfigurations = (
				716EB6721BD0F3A80095C4F9 /* Debug */,
				716EB6731BD0F3A80095C4F9 /* Release */,
			);
			defaultConfigurationIsVisible = 0;
			defaultConfigurationName = Release;
		};
		716EB6741BD0F3A80095C4F9 /* Build configuration list for PBXNativeTarget "eduadminUITests" */ = {
			isa = XCConfigurationList;
			buildConfigurations = (
				716EB6751BD0F3A80095C4F9 /* Debug */,
				716EB6761BD0F3A80095C4F9 /* Release */,
			);
			defaultConfigurationIsVisible = 0;
			defaultConfigurationName = Release;
		};
/* End XCConfigurationList section */
	};
	rootObject = 716EB63E1BD0F3A80095C4F9 /* Project object */;
}
